Microsoft Visual Studio Solution File, Format Version 12.00
# Visual Studio Version 17
VisualStudioVersion = 17.13.35731.43
MinimumVisualStudioVersion = 10.0.40219.1
Project("{FAE04EC0-301F-11D3-BF4B-00C04F79EFBC}") = "vize3", "vize3\vize3.csproj", "{2274ED66-9AB4-4516-B979-F436CF4D531B}"
EndProject
Global
	GlobalSection(SolutionConfigurationPlatforms) = preSolution
		Debug|Any CPU = Debug|Any CPU
		Release|Any CPU = Release|Any CPU
	EndGlobalSection
	GlobalSection(ProjectConfigurationPlatforms) = postSolution
		{2274ED66-9AB4-4516-B979-F436CF4D531B}.Debug|Any CPU.ActiveCfg = Debug|Any CPU
		{2274ED66-9AB4-4516-B979-F436CF4D531B}.Debug|Any CPU.Build.0 = Debug|Any CPU
		{2274ED66-9AB4-4516-B979-F436CF4D531B}.Release|Any CPU.ActiveCfg = Release|Any CPU
		{2274ED66-9AB4-4516-B979-F436CF4D531B}.Release|Any CPU.Build.0 = Release|Any CPU
	EndGlobalSection
	GlobalSection(SolutionProperties) = preSolution
		HideSolutionNode = FALSE
	EndGlobalSection
	GlobalSection(ExtensibilityGlobals) = postSolution
		SolutionGuid = {49D10723-F16B-4249-B9FA-FB2E53A11FED}
	EndGlobalSection
EndGlobal
