
Microsoft Visual Studio Solution File, Format Version 12.00
# Visual Studio Version 17
VisualStudioVersion = 17.14.36518.9 d17.14
MinimumVisualStudioVersion = 10.0.40219.1
Project("{FAE04EC0-301F-11D3-BF4B-00C04F79EFBC}") = "C#.Lesson.2", "C#.Lesson.2\C#.Lesson.2.csproj", "{EDF51821-2511-4375-AB51-15946369681B}"
EndProject
Global
	GlobalSection(SolutionConfigurationPlatforms) = preSolution
		Debug|Any CPU = Debug|Any CPU
		Release|Any CPU = Release|Any CPU
	EndGlobalSection
	GlobalSection(ProjectConfigurationPlatforms) = postSolution
		{EDF51821-2511-4375-AB51-15946369681B}.Debug|Any CPU.ActiveCfg = Debug|Any CPU
		{EDF51821-2511-4375-AB51-15946369681B}.Debug|Any CPU.Build.0 = Debug|Any CPU
		{EDF51821-2511-4375-AB51-15946369681B}.Release|Any CPU.ActiveCfg = Release|Any CPU
		{EDF51821-2511-4375-AB51-15946369681B}.Release|Any CPU.Build.0 = Release|Any CPU
	EndGlobalSection
	GlobalSection(SolutionProperties) = preSolution
		HideSolutionNode = FALSE
	EndGlobalSection
	GlobalSection(ExtensibilityGlobals) = postSolution
		SolutionGuid = {8B0787C0-EAF3-4016-9068-FD5CE869C482}
	EndGlobalSection
EndGlobal
